<?xml version="1.0" encoding="utf-8"?>
<Project ToolsVersion="4.0" xmlns="http://schemas.microsoft.com/developer/msbuild/2003">
  <ItemGroup>
    <Filter Include="Source Files">
      <UniqueIdentifier>{4FC737F1-C7A5-4376-A066-2A32D752A2FF}</UniqueIdentifier>
      <Extensions>cpp;c;cc;cxx;c++;cppm;ixx;def;odl;idl;hpj;bat;asm;asmx</Extensions>
    </Filter>
    <Filter Include="Header Files">
      <UniqueIdentifier>{93995380-89BD-4b04-88EB-625FBE52EBFB}</UniqueIdentifier>
      <Extensions>h;hh;hpp;hxx;h++;hm;inl;inc;ipp;xsd</Extensions>
    </Filter>
    <Filter Include="Resource Files">
      <UniqueIdentifier>{67DA6AB6-F800-4c08-8B7A-83BB121AAD01}</UniqueIdentifier>
      <Extensions>rc;ico;cur;bmp;dlg;rc2;rct;bin;rgs;gif;jpg;jpeg;jpe;resx;tiff;tif;png;wav;mfcribbon-ms</Extensions>
    </Filter>
    <Filter Include="Source Files\Dialogs">
      <UniqueIdentifier>{1f0f1467-5d47-49db-a04a-4887919c503e}</UniqueIdentifier>
    </Filter>
    <Filter Include="Source Files\Entities">
      <UniqueIdentifier>{a76e3b22-2ccc-47a8-8432-0c9a621ec612}</UniqueIdentifier>
    </Filter>
    <Filter Include="Header Files\Dialogs">
      <UniqueIdentifier>{49b186ce-a687-4a38-8f2b-6210c1142c3a}</UniqueIdentifier>
    </Filter>
    <Filter Include="Header Files\Entities">
      <UniqueIdentifier>{70d79a22-abb7-4df8-9a74-ba0b96cfc4b0}</UniqueIdentifier>
    </Filter>
    <Filter Include="Header Files\Entities\EntityChilds">
      <UniqueIdentifier>{1c5c2209-32af-4bd7-a30c-80802b15cfc3}</UniqueIdentifier>
    </Filter>
    <Filter Include="Header Files\Entities\EntityChilds\ShipChilds">
      <UniqueIdentifier>{54e3b82a-df23-4390-ba64-a077e6ae998d}</UniqueIdentifier>
    </Filter>
    <Filter Include="Source Files\Entities\EntityChilds">
      <UniqueIdentifier>{9b16e5ce-066b-4b28-83d6-aca3468a8f50}</UniqueIdentifier>
    </Filter>
    <Filter Include="Source Files\Entities\EntityChilds\ShipChilds">
      <UniqueIdentifier>{0f8e535d-612b-4e46-b9b6-1db725d09ba4}</UniqueIdentifier>
    </Filter>
    <Filter Include="Header Files\Other">
      <UniqueIdentifier>{847d0b11-4656-4b5e-82f6-67738306b9fc}</UniqueIdentifier>
    </Filter>
    <Filter Include="Resource Files\Icons">
      <UniqueIdentifier>{f55afec6-2e34-45ed-85d8-adca11149a44}</UniqueIdentifier>
    </Filter>
    <Filter Include="Resource Files\Icons\Buttons">
      <UniqueIdentifier>{23c0f803-5cd6-47a8-90d8-9b9f5bfa995d}</UniqueIdentifier>
    </Filter>
    <Filter Include="Resource Files\Images">
      <UniqueIdentifier>{3115e583-90ce-4ed1-935f-04f8d5ef6f75}</UniqueIdentifier>
    </Filter>
  </ItemGroup>
  <ItemGroup>
    <ClInclude Include="SpaceBattle.h">
      <Filter>Header Files</Filter>
    </ClInclude>
    <ClInclude Include="framework.h">
      <Filter>Header Files</Filter>
    </ClInclude>
    <ClInclude Include="targetver.h">
      <Filter>Header Files</Filter>
    </ClInclude>
    <ClInclude Include="Resource.h">
      <Filter>Header Files</Filter>
    </ClInclude>
    <ClInclude Include="pch.h">
      <Filter>Header Files</Filter>
    </ClInclude>
    <ClInclude Include="CSpaceBattleDlgGame.h">
      <Filter>Header Files\Dialogs</Filter>
    </ClInclude>
    <ClInclude Include="CSpaceBattleDlgMenu.h">
      <Filter>Header Files\Dialogs</Filter>
    </ClInclude>
    <ClInclude Include="CSpaceBattleDlgRecords.h">
      <Filter>Header Files\Dialogs</Filter>
    </ClInclude>
    <ClInclude Include="CSpaceBattleDlgRules.h">
      <Filter>Header Files\Dialogs</Filter>
    </ClInclude>
    <ClInclude Include="Entity.h">
      <Filter>Header Files\Entities</Filter>
    </ClInclude>
    <ClInclude Include="Ship.h">
      <Filter>Header Files\Entities\EntityChilds</Filter>
    </ClInclude>
    <ClInclude Include="Enemy.h">
      <Filter>Header Files\Entities\EntityChilds\ShipChilds</Filter>
    </ClInclude>
    <ClInclude Include="Player.h">
      <Filter>Header Files\Entities\EntityChilds\ShipChilds</Filter>
    </ClInclude>
    <ClInclude Include="Bullet.h">
      <Filter>Header Files\Entities\EntityChilds</Filter>
    </ClInclude>
    <ClInclude Include="Globals.h">
      <Filter>Header Files\Other</Filter>
    </ClInclude>
    <ClInclude Include="Config.h">
      <Filter>Header Files\Other</Filter>
    </ClInclude>
  </ItemGroup>
  <ItemGroup>
    <ClCompile Include="SpaceBattle.cpp">
      <Filter>Source Files</Filter>
    </ClCompile>
    <ClCompile Include="pch.cpp">
      <Filter>Source Files</Filter>
    </ClCompile>
    <ClCompile Include="CSpaceBattleDlgGame.cpp">
      <Filter>Source Files\Dialogs</Filter>
    </ClCompile>
    <ClCompile Include="CSpaceBattleDlgMenu.cpp">
      <Filter>Source Files\Dialogs</Filter>
    </ClCompile>
    <ClCompile Include="CSpaceBattleDlgRecords.cpp">
      <Filter>Source Files\Dialogs</Filter>
    </ClCompile>
    <ClCompile Include="CSpaceBattleDlgRules.cpp">
      <Filter>Source Files\Dialogs</Filter>
    </ClCompile>
    <ClCompile Include="Entity.cpp">
      <Filter>Source Files\Entities</Filter>
    </ClCompile>
    <ClCompile Include="Enemy.cpp">
      <Filter>Source Files\Entities\EntityChilds\ShipChilds</Filter>
    </ClCompile>
    <ClCompile Include="Player.cpp">
      <Filter>Source Files\Entities\EntityChilds\ShipChilds</Filter>
    </ClCompile>
    <ClCompile Include="Ship.cpp">
      <Filter>Source Files\Entities\EntityChilds</Filter>
    </ClCompile>
    <ClCompile Include="Bullet.cpp">
      <Filter>Source Files\Entities\EntityChilds</Filter>
    </ClCompile>
  </ItemGroup>
  <ItemGroup>
    <ResourceCompile Include="SpaceBattle.rc">
      <Filter>Resource Files</Filter>
    </ResourceCompile>
  </ItemGroup>
  <ItemGroup>
    <None Include="res\SpaceBattle.rc2">
      <Filter>Resource Files</Filter>
    </None>
    <None Include="..\.clang-format" />
  </ItemGroup>
  <ItemGroup>
    <Image Include="res\Icons\Enemies.ico">
      <Filter>Resource Files\Icons\Buttons</Filter>
    </Image>
    <Image Include="res\Icons\Health.ico">
      <Filter>Resource Files\Icons\Buttons</Filter>
    </Image>
    <Image Include="res\Icons\Point.ico">
      <Filter>Resource Files\Icons\Buttons</Filter>
    </Image>
    <Image Include="res\Icons\Time.ico">
      <Filter>Resource Files\Icons\Buttons</Filter>
    </Image>
    <Image Include="res\SpaceBattle.ico">
      <Filter>Resource Files\Icons</Filter>
    </Image>
    <Image Include="res\Images\Bullet.png">
      <Filter>Resource Files\Images</Filter>
    </Image>
    <Image Include="res\Images\Enemy.png">
      <Filter>Resource Files\Images</Filter>
    </Image>
    <Image Include="res\Images\Player.png">
      <Filter>Resource Files\Images</Filter>
    </Image>
    <Image Include="res\Images\Background.png">
      <Filter>Resource Files</Filter>
    </Image>
  </ItemGroup>
</Project>